lockfileVersion: '6.0'

settings:
  autoInstallPeers: true
  excludeLinksFromLockfile: false

dependencies:
  commander:
    specifier: ^12.0.0
    version: nexus3.bilibili.co/commander@12.0.0

packages:

  nexus3.bilibili.co/commander@12.0.0:
    resolution: {integrity: sha512-MwVNWlYjDTtOjX5PiD7o5pK0UrFU/OYgcJfjjK4RaHZETNtjJqrZa9Y9ds88+A+f+d5lv+561eZ+yCKoS3gbAA==, registry: http://registry.npm.bilibili.co/, tarball: https://nexus3.bilibili.co/repository/npm-public/commander/-/commander-12.0.0.tgz}
    name: commander
    version: 12.0.0
    engines: {node: '>=18'}
    dev: false
